
Microsoft Visual Studio Solution File, Format Version 11.00
# Visual Studio 2010
Project("{FAE04EC0-301F-11D3-BF4B-00C04F79EFBC}") = "WebSiteDeployer", "WebSiteDeployer\WebSiteDeployer.csproj", "{CAE66C9C-E01B-4DCE-9C1B-5208A88366B0}"
EndProject
Global
	GlobalSection(SolutionConfigurationPlatforms) = preSolution
		Debug|x86 = Debug|x86
		Release|x86 = Release|x86
	EndGlobalSection
	GlobalSection(ProjectConfigurationPlatforms) = postSolution
		{CAE66C9C-E01B-4DCE-9C1B-5208A88366B0}.Debug|x86.ActiveCfg = Debug|x86
		{CAE66C9C-E01B-4DCE-9C1B-5208A88366B0}.Debug|x86.Build.0 = Debug|x86
		{CAE66C9C-E01B-4DCE-9C1B-5208A88366B0}.Release|x86.ActiveCfg = Release|x86
		{CAE66C9C-E01B-4DCE-9C1B-5208A88366B0}.Release|x86.Build.0 = Release|x86
	EndGlobalSection
	GlobalSection(SolutionProperties) = preSolution
		HideSolutionNode = FALSE
	EndGlobalSection
EndGlobal
